
Microsoft Visual Studio Solution File, Format Version 12.00
# Visual Studio 15
VisualStudioVersion = 15.0.28307.572
MinimumVisualStudioVersion = 10.0.40219.1
Project("{E24C65DC-7377-472B-9ABA-BC803B73C61A}") = "ProMVCBook", "ProMVCBook\", "{2ABC8B30-9A23-4065-97DC-1CD79D575117}"
	ProjectSection(WebsiteProperties) = preProject
		TargetFrameworkMoniker = ".NETFramework,Version%3Dv4.7.2"
		Debug.AspNetCompiler.VirtualPath = "/localhost_55063"
		Debug.AspNetCompiler.PhysicalPath = "ProMVCBook\"
		Debug.AspNetCompiler.TargetPath = "PrecompiledWeb\localhost_55063\"
		Debug.AspNetCompiler.Updateable = "true"
		Debug.AspNetCompiler.ForceOverwrite = "true"
		Debug.AspNetCompiler.FixedNames = "false"
		Debug.AspNetCompiler.Debug = "True"
		Release.AspNetCompiler.VirtualPath = "/localhost_55063"
		Release.AspNetCompiler.PhysicalPath = "ProMVCBook\"
		Release.AspNetCompiler.TargetPath = "PrecompiledWeb\localhost_55063\"
		Release.AspNetCompiler.Updateable = "true"
		Release.AspNetCompiler.ForceOverwrite = "true"
		Release.AspNetCompiler.FixedNames = "false"
		Release.AspNetCompiler.Debug = "False"
		VWDPort = "55063"
		SlnRelativePath = "ProMVCBook\"
		DefaultWebSiteLanguage = "Visual C#"
	EndProjectSection
EndProject
Project("{FAE04EC0-301F-11D3-BF4B-00C04F79EFBC}") = "EssentialTools", "EssentialTools\EssentialTools.csproj", "{5368F4C6-7431-41AD-B3C1-DE8D049D5713}"
EndProject
Global
	GlobalSection(SolutionConfigurationPlatforms) = preSolution
		Debug|Any CPU = Debug|Any CPU
		Release|Any CPU = Release|Any CPU
	EndGlobalSection
	GlobalSection(ProjectConfigurationPlatforms) = postSolution
		{2ABC8B30-9A23-4065-97DC-1CD79D575117}.Debug|Any CPU.ActiveCfg = Debug|Any CPU
		{2ABC8B30-9A23-4065-97DC-1CD79D575117}.Debug|Any CPU.Build.0 = Debug|Any CPU
		{2ABC8B30-9A23-4065-97DC-1CD79D575117}.Release|Any CPU.ActiveCfg = Debug|Any CPU
		{2ABC8B30-9A23-4065-97DC-1CD79D575117}.Release|Any CPU.Build.0 = Debug|Any CPU
		{5368F4C6-7431-41AD-B3C1-DE8D049D5713}.Debug|Any CPU.ActiveCfg = Debug|Any CPU
		{5368F4C6-7431-41AD-B3C1-DE8D049D5713}.Debug|Any CPU.Build.0 = Debug|Any CPU
		{5368F4C6-7431-41AD-B3C1-DE8D049D5713}.Release|Any CPU.ActiveCfg = Release|Any CPU
		{5368F4C6-7431-41AD-B3C1-DE8D049D5713}.Release|Any CPU.Build.0 = Release|Any CPU
	EndGlobalSection
	GlobalSection(SolutionProperties) = preSolution
		HideSolutionNode = FALSE
	EndGlobalSection
	GlobalSection(ExtensibilityGlobals) = postSolution
		SolutionGuid = {5A87D67B-90C6-4762-9572-0D3FB8E223B3}
	EndGlobalSection
EndGlobal
