
Microsoft Visual Studio Solution File, Format Version 12.00
# Visual Studio 15
VisualStudioVersion = 15.0.28307.572
MinimumVisualStudioVersion = 10.0.40219.1
Project("{FAE04EC0-301F-11D3-BF4B-00C04F79EFBC}") = "EssentialTools", "EssentialTools\EssentialTools.csproj", "{92B89768-41BA-4D59-B988-3581F9F7A000}"
EndProject
Project("{FAE04EC0-301F-11D3-BF4B-00C04F79EFBC}") = "EssentialTools.Tests", "EssentialTools.Tests\EssentialTools.Tests.csproj", "{309A2D70-0F88-4EF8-97D7-474B8FB09124}"
EndProject
Global
	GlobalSection(SolutionConfigurationPlatforms) = preSolution
		Debug|Any CPU = Debug|Any CPU
		Release|Any CPU = Release|Any CPU
	EndGlobalSection
	GlobalSection(ProjectConfigurationPlatforms) = postSolution
		{92B89768-41BA-4D59-B988-3581F9F7A000}.Debug|Any CPU.ActiveCfg = Debug|Any CPU
		{92B89768-41BA-4D59-B988-3581F9F7A000}.Debug|Any CPU.Build.0 = Debug|Any CPU
		{92B89768-41BA-4D59-B988-3581F9F7A000}.Release|Any CPU.ActiveCfg = Release|Any CPU
		{92B89768-41BA-4D59-B988-3581F9F7A000}.Release|Any CPU.Build.0 = Release|Any CPU
		{309A2D70-0F88-4EF8-97D7-474B8FB09124}.Debug|Any CPU.ActiveCfg = Debug|Any CPU
		{309A2D70-0F88-4EF8-97D7-474B8FB09124}.Debug|Any CPU.Build.0 = Debug|Any CPU
		{309A2D70-0F88-4EF8-97D7-474B8FB09124}.Release|Any CPU.ActiveCfg = Release|Any CPU
		{309A2D70-0F88-4EF8-97D7-474B8FB09124}.Release|Any CPU.Build.0 = Release|Any CPU
	EndGlobalSection
	GlobalSection(SolutionProperties) = preSolution
		HideSolutionNode = FALSE
	EndGlobalSection
	GlobalSection(ExtensibilityGlobals) = postSolution
		SolutionGuid = {81FFC70D-A4B6-40BA-B730-C0B48C444868}
	EndGlobalSection
EndGlobal
